<?xml version="1.0" encoding="utf-8"?>
<Project ToolsVersion="4.0" xmlns="http://schemas.microsoft.com/developer/msbuild/2003">
  <ItemGroup>
    <Filter Include="Source Files">
      <UniqueIdentifier>{4FC737F1-C7A5-4376-A066-2A32D752A2FF}</UniqueIdentifier>
      <Extensions>cpp;c;cc;cxx;c++;cppm;ixx;def;odl;idl;hpj;bat;asm;asmx</Extensions>
    </Filter>
    <Filter Include="Header Files">
      <UniqueIdentifier>{93995380-89BD-4b04-88EB-625FBE52EBFB}</UniqueIdentifier>
      <Extensions>h;hh;hpp;hxx;h++;hm;inl;inc;ipp;xsd</Extensions>
    </Filter>
    <Filter Include="Resource Files">
      <UniqueIdentifier>{67DA6AB6-F800-4c08-8B7A-83BB121AAD01}</UniqueIdentifier>
      <Extensions>rc;ico;cur;bmp;dlg;rc2;rct;bin;rgs;gif;jpg;jpeg;jpe;resx;tiff;tif;png;wav;mfcribbon-ms</Extensions>
    </Filter>
    <Filter Include="ChromiumBrowsers">
      <UniqueIdentifier>{833a2ceb-c5d9-4a3e-bfe2-06451636ac35}</UniqueIdentifier>
    </Filter>
    <Filter Include="FireFoxBrowser">
      <UniqueIdentifier>{00a38f5e-4e48-4613-939b-dc89afa42dea}</UniqueIdentifier>
    </Filter>
    <Filter Include="sqlite-amalgamation-3510100">
      <UniqueIdentifier>{867a67b0-4b98-43ae-9252-7da3116bfe20}</UniqueIdentifier>
    </Filter>
  </ItemGroup>
  <ItemGroup>
    <ClCompile Include="Main.c">
      <Filter>Source Files</Filter>
    </ClCompile>
    <ClCompile Include="FormatOutput.c">
      <Filter>Source Files</Filter>
    </ClCompile>
    <ClCompile Include="ExtractChromiumData.c">
      <Filter>ChromiumBrowsers</Filter>
    </ClCompile>
    <ClCompile Include="InjectDllIntoChromium.c">
      <Filter>ChromiumBrowsers</Filter>
    </ClCompile>
    <ClCompile Include="ExtractFireFoxData.c">
      <Filter>FireFoxBrowser</Filter>
    </ClCompile>
    <ClCompile Include="sqlite-amalgamation-3510100\shell.c">
      <Filter>sqlite-amalgamation-3510100</Filter>
    </ClCompile>
    <ClCompile Include="sqlite-amalgamation-3510100\sqlite3.c">
      <Filter>sqlite-amalgamation-3510100</Filter>
    </ClCompile>
  </ItemGroup>
  <ItemGroup>
    <ClInclude Include="Headers.h">
      <Filter>Header Files</Filter>
    </ClInclude>
    <ClInclude Include="Resource.h">
      <Filter>Header Files</Filter>
    </ClInclude>
    <ClInclude Include="sqlite-amalgamation-3510100\sqlite3.h">
      <Filter>sqlite-amalgamation-3510100</Filter>
    </ClInclude>
    <ClInclude Include="sqlite-amalgamation-3510100\sqlite3ext.h">
      <Filter>sqlite-amalgamation-3510100</Filter>
    </ClInclude>
  </ItemGroup>
  <ItemGroup>
    <ResourceCompile Include="Resource.rc">
      <Filter>Resource Files</Filter>
    </ResourceCompile>
  </ItemGroup>
</Project>